
Microsoft Visual Studio Solution File, Format Version 12.00
# Visual Studio Version 16
VisualStudioVersion = 16.0.31605.320
MinimumVisualStudioVersion = 10.0.40219.1
Project("{FAE04EC0-301F-11D3-BF4B-00C04F79EFBC}") = "ExemploServImpressao", "ExemploServImpressao\ExemploServImpressao.csproj", "{77A77679-93BF-4B81-AC89-4F9DF513F6C9}"
EndProject
Global
	GlobalSection(SolutionConfigurationPlatforms) = preSolution
		Debug|Any CPU = Debug|Any CPU
		Release|Any CPU = Release|Any CPU
	EndGlobalSection
	GlobalSection(ProjectConfigurationPlatforms) = postSolution
		{77A77679-93BF-4B81-AC89-4F9DF513F6C9}.Debug|Any CPU.ActiveCfg = Debug|Any CPU
		{77A77679-93BF-4B81-AC89-4F9DF513F6C9}.Debug|Any CPU.Build.0 = Debug|Any CPU
		{77A77679-93BF-4B81-AC89-4F9DF513F6C9}.Release|Any CPU.ActiveCfg = Release|Any CPU
		{77A77679-93BF-4B81-AC89-4F9DF513F6C9}.Release|Any CPU.Build.0 = Release|Any CPU
	EndGlobalSection
	GlobalSection(SolutionProperties) = preSolution
		HideSolutionNode = FALSE
	EndGlobalSection
	GlobalSection(ExtensibilityGlobals) = postSolution
		SolutionGuid = {6870BA94-FB08-4793-859C-FEE6F474F9D3}
	EndGlobalSection
EndGlobal
